{
  "name": "node-assignment-04",
  "version": "1.0.2",
  "lockfileVersion": 3,
  "requires": true,
  "packages": {
    "": {
      "name": "node-assignment-04",
      "version": "1.0.2",
      "license": "MIT",
      "dependencies": {
        "node-assignment-04": "^1.0.2"
      }
    },
    "node_modules/node-assignment-04": {
      "version": "1.0.2",
      "resolved": "https://registry.npmjs.org/node-assignment-04/-/node-assignment-04-1.0.2.tgz",
      "integrity": "sha512-Hf8TqJTTVAQ2rZ+4nfCx/U/uuyAKVz1Wsloyaxutz6o84oFgTd6LrnYJ1vpiod8x3MvDTBJ/9akA1nIg9PaTJQ=="
    }
  }
}
